
Microsoft Visual Studio Solution File, Format Version 12.00
# Visual Studio Version 17
VisualStudioVersion = 17.1.32421.90
MinimumVisualStudioVersion = 10.0.40219.1
Project("{FAE04EC0-301F-11D3-BF4B-00C04F79EFBC}") = "react-net-store-app", "react-net-store-app.csproj", "{8990C6E0-B1F6-404D-945A-C267FB7F9EF9}"
EndProject
Global
	GlobalSection(SolutionConfigurationPlatforms) = preSolution
		Debug|Any CPU = Debug|Any CPU
		Release|Any CPU = Release|Any CPU
	EndGlobalSection
	GlobalSection(ProjectConfigurationPlatforms) = postSolution
		{8990C6E0-B1F6-404D-945A-C267FB7F9EF9}.Debug|Any CPU.ActiveCfg = Debug|Any CPU
		{8990C6E0-B1F6-404D-945A-C267FB7F9EF9}.Debug|Any CPU.Build.0 = Debug|Any CPU
		{8990C6E0-B1F6-404D-945A-C267FB7F9EF9}.Release|Any CPU.ActiveCfg = Release|Any CPU
		{8990C6E0-B1F6-404D-945A-C267FB7F9EF9}.Release|Any CPU.Build.0 = Release|Any CPU
	EndGlobalSection
	GlobalSection(SolutionProperties) = preSolution
		HideSolutionNode = FALSE
	EndGlobalSection
	GlobalSection(ExtensibilityGlobals) = postSolution
		SolutionGuid = {660933DC-514A-46EF-BA4C-57A3D3D40366}
	EndGlobalSection
EndGlobal
